// !$*UTF8*$!
{
	archiveVersion = 1;
	classes = {
	};
	objectVersion = 46;
	objects = {

/* Begin PBXBuildFile section */
		A49DE17A1BD9CB5A008FC26D /* UserAPI.swift in Sources */ = {isa = PBXBuildFile; fileRef = A49DE1791BD9CB5A008FC26D /* UserAPI.swift */; };
		A49DE17C1BD9CB6B008FC26D /* ModelManager.swift in Sources */ = {isa = PBXBuildFile; fileRef = A49DE17B1BD9CB6B008FC26D /* ModelManager.swift */; };
		A4A771F71BB477C1005DA798 /* UserObject.swift in Sources */ = {isa = PBXBuildFile; fileRef = A4A771F61BB477C1005DA798 /* UserObject.swift */; };
		A4EA201D1BB3E7E200B49CB4 /* ProfileViewController.swift in Sources */ = {isa = PBXBuildFile; fileRef = A4EA201B1BB3E7E200B49CB4 /* ProfileViewController.swift */; };
		A4EA201E1BB3E7E200B49CB4 /* ProfileViewController.xib in Resources */ = {isa = PBXBuildFile; fileRef = A4EA201C1BB3E7E200B49CB4 /* ProfileViewController.xib */; };
		A4EA20221BB3F43000B49CB4 /* ProfileCell.swift in Sources */ = {isa = PBXBuildFile; fileRef = A4EA20201BB3F43000B49CB4 /* ProfileCell.swift */; };
		A4EA20231BB3F43000B49CB4 /* ProfileCell.xib in Resources */ = {isa = PBXBuildFile; fileRef = A4EA20211BB3F43000B49CB4 /* ProfileCell.xib */; };
		A4EA20271BB3FE4700B49CB4 /* ImageGalleryViewController.swift in Sources */ = {isa = PBXBuildFile; fileRef = A4EA20251BB3FE4700B49CB4 /* ImageGalleryViewController.swift */; };
		A4EA20281BB3FE4700B49CB4 /* ImageGalleryViewController.xib in Resources */ = {isa = PBXBuildFile; fileRef = A4EA20261BB3FE4700B49CB4 /* ImageGalleryViewController.xib */; };
		A4EA202C1BB400C200B49CB4 /* ImageGalleryCell.swift in Sources */ = {isa = PBXBuildFile; fileRef = A4EA202A1BB400C200B49CB4 /* ImageGalleryCell.swift */; };
		A4EA202D1BB400C200B49CB4 /* ImageGalleryCell.xib in Resources */ = {isa = PBXBuildFile; fileRef = A4EA202B1BB400C200B49CB4 /* ImageGalleryCell.xib */; };
		A4EA20311BB402BD00B49CB4 /* NewsFeedViewController.swift in Sources */ = {isa = PBXBuildFile; fileRef = A4EA202F1BB402BD00B49CB4 /* NewsFeedViewController.swift */; };
		A4EA20321BB402BD00B49CB4 /* NewsFeedViewController.xib in Resources */ = {isa = PBXBuildFile; fileRef = A4EA20301BB402BD00B49CB4 /* NewsFeedViewController.xib */; };
		A4EA20361BB407D900B49CB4 /* NewPostViewController.swift in Sources */ = {isa = PBXBuildFile; fileRef = A4EA20341BB407D900B49CB4 /* NewPostViewController.swift */; };
		A4EA20371BB407D900B49CB4 /* NewPostViewController.xib in Resources */ = {isa = PBXBuildFile; fileRef = A4EA20351BB407D900B49CB4 /* NewPostViewController.xib */; };
		A4EA203B1BB40E1A00B49CB4 /* BookMarkViewController.swift in Sources */ = {isa = PBXBuildFile; fileRef = A4EA20391BB40E1A00B49CB4 /* BookMarkViewController.swift */; };
		A4EA203C1BB40E1A00B49CB4 /* BookMarkViewController.xib in Resources */ = {isa = PBXBuildFile; fileRef = A4EA203A1BB40E1A00B49CB4 /* BookMarkViewController.xib */; };
		A4EA20401BB419C600B49CB4 /* NewsFeedCell.swift in Sources */ = {isa = PBXBuildFile; fileRef = A4EA203E1BB419C600B49CB4 /* NewsFeedCell.swift */; };
		A4EA20411BB419C600B49CB4 /* NewsFeedCell.xib in Resources */ = {isa = PBXBuildFile; fileRef = A4EA203F1BB419C600B49CB4 /* NewsFeedCell.xib */; };
		A4EA896E1BBCD31700E8E8F9 /* CommentViewController.swift in Sources */ = {isa = PBXBuildFile; fileRef = A4EA896C1BBCD31700E8E8F9 /* CommentViewController.swift */; };
		A4EA896F1BBCD31700E8E8F9 /* CommentViewController.xib in Resources */ = {isa = PBXBuildFile; fileRef = A4EA896D1BBCD31700E8E8F9 /* CommentViewController.xib */; };
		A4EA89721BBCD3A000E8E8F9 /* CommentHeaderView.swift in Sources */ = {isa = PBXBuildFile; fileRef = A4EA89711BBCD3A000E8E8F9 /* CommentHeaderView.swift */; };
		A4EA89741BBCD3AA00E8E8F9 /* CommentHeaderView.xib in Resources */ = {isa = PBXBuildFile; fileRef = A4EA89731BBCD3AA00E8E8F9 /* CommentHeaderView.xib */; };
		A4EA89771BBCD3C600E8E8F9 /* CommentCell.swift in Sources */ = {isa = PBXBuildFile; fileRef = A4EA89751BBCD3C600E8E8F9 /* CommentCell.swift */; };
		A4EA89781BBCD3C600E8E8F9 /* CommentCell.xib in Resources */ = {isa = PBXBuildFile; fileRef = A4EA89761BBCD3C600E8E8F9 /* CommentCell.xib */; };
		A4F0097C1BA5C58200E354E8 /* ArrayExtension.swift in Sources */ = {isa = PBXBuildFile; fileRef = A4F009731BA5C58200E354E8 /* ArrayExtension.swift */; };
		A4F0097D1BA5C58200E354E8 /* NSDateExtension.swift in Sources */ = {isa = PBXBuildFile; fileRef = A4F009741BA5C58200E354E8 /* NSDateExtension.swift */; };
		A4F0097E1BA5C58200E354E8 /* StringExtension.swift in Sources */ = {isa = PBXBuildFile; fileRef = A4F009751BA5C58200E354E8 /* StringExtension.swift */; };
		A4F0097F1BA5C58200E354E8 /* UIButtonExtension.swift in Sources */ = {isa = PBXBuildFile; fileRef = A4F009761BA5C58200E354E8 /* UIButtonExtension.swift */; };
		A4F009801BA5C58200E354E8 /* UIColorExtension.swift in Sources */ = {isa = PBXBuildFile; fileRef = A4F009771BA5C58200E354E8 /* UIColorExtension.swift */; };
		A4F009811BA5C58200E354E8 /* UIImageExtension.swift in Sources */ = {isa = PBXBuildFile; fileRef = A4F009781BA5C58200E354E8 /* UIImageExtension.swift */; };
		A4F009821BA5C58200E354E8 /* UITextFieldExtension.swift in Sources */ = {isa = PBXBuildFile; fileRef = A4F009791BA5C58200E354E8 /* UITextFieldExtension.swift */; };
		A4F009831BA5C58200E354E8 /* UITextViewExtension.swift in Sources */ = {isa = PBXBuildFile; fileRef = A4F0097A1BA5C58200E354E8 /* UITextViewExtension.swift */; };
		A4F009841BA5C58200E354E8 /* UIViewExtension.swift in Sources */ = {isa = PBXBuildFile; fileRef = A4F0097B1BA5C58200E354E8 /* UIViewExtension.swift */; };
		A4F0098B1BA5C5CB00E354E8 /* Roboto-Black.ttf in Resources */ = {isa = PBXBuildFile; fileRef = A4F009851BA5C5CB00E354E8 /* Roboto-Black.ttf */; };
		A4F0098C1BA5C5CB00E354E8 /* Roboto-Bold.ttf in Resources */ = {isa = PBXBuildFile; fileRef = A4F009861BA5C5CB00E354E8 /* Roboto-Bold.ttf */; };
		A4F0098D1BA5C5CB00E354E8 /* Roboto-Light.ttf in Resources */ = {isa = PBXBuildFile; fileRef = A4F009871BA5C5CB00E354E8 /* Roboto-Light.ttf */; };
		A4F0098E1BA5C5CB00E354E8 /* Roboto-Medium.ttf in Resources */ = {isa = PBXBuildFile; fileRef = A4F009881BA5C5CB00E354E8 /* Roboto-Medium.ttf */; };
		A4F0098F1BA5C5CB00E354E8 /* Roboto-Regular.ttf in Resources */ = {isa = PBXBuildFile; fileRef = A4F009891BA5C5CB00E354E8 /* Roboto-Regular.ttf */; };
		A4F009901BA5C5CB00E354E8 /* Roboto-Thin.ttf in Resources */ = {isa = PBXBuildFile; fileRef = A4F0098A1BA5C5CB00E354E8 /* Roboto-Thin.ttf */; };
		A4F009941BA5C79700E354E8 /* AppConstant.swift in Sources */ = {isa = PBXBuildFile; fileRef = A4F009921BA5C79700E354E8 /* AppConstant.swift */; };
		A4F009951BA5C79700E354E8 /* Utilities.swift in Sources */ = {isa = PBXBuildFile; fileRef = A4F009931BA5C79700E354E8 /* Utilities.swift */; };
		A4F009981BA5C84600E354E8 /* WelcomeViewController.swift in Sources */ = {isa = PBXBuildFile; fileRef = A4F009961BA5C84600E354E8 /* WelcomeViewController.swift */; };
		A4F009991BA5C84600E354E8 /* WelcomeViewController.xib in Resources */ = {isa = PBXBuildFile; fileRef = A4F009971BA5C84600E354E8 /* WelcomeViewController.xib */; };
		A4F0099C1BA5C8B000E354E8 /* CategoryViewController.swift in Sources */ = {isa = PBXBuildFile; fileRef = A4F0099A1BA5C8B000E354E8 /* CategoryViewController.swift */; };
		A4F0099D1BA5C8B000E354E8 /* CategoryViewController.xib in Resources */ = {isa = PBXBuildFile; fileRef = A4F0099B1BA5C8B000E354E8 /* CategoryViewController.xib */; };
		A4F009A11BA5CC2C00E354E8 /* FavoriteCell.swift in Sources */ = {isa = PBXBuildFile; fileRef = A4F0099F1BA5CC2C00E354E8 /* FavoriteCell.swift */; };
		A4F009A21BA5CC2C00E354E8 /* FavoriteCell.xib in Resources */ = {isa = PBXBuildFile; fileRef = A4F009A01BA5CC2C00E354E8 /* FavoriteCell.xib */; };
		A4F009A61BA5CF8B00E354E8 /* SettingViewController.swift in Sources */ = {isa = PBXBuildFile; fileRef = A4F009A41BA5CF8B00E354E8 /* SettingViewController.swift */; };
		A4F009A71BA5CF8B00E354E8 /* SettingViewController.xib in Resources */ = {isa = PBXBuildFile; fileRef = A4F009A51BA5CF8B00E354E8 /* SettingViewController.xib */; };
		A4F009AB1BA5D02500E354E8 /* SettingSwitchCell.swift in Sources */ = {isa = PBXBuildFile; fileRef = A4F009A91BA5D02500E354E8 /* SettingSwitchCell.swift */; };
		A4F009AC1BA5D02500E354E8 /* SettingSwitchCell.xib in Resources */ = {isa = PBXBuildFile; fileRef = A4F009AA1BA5D02500E354E8 /* SettingSwitchCell.xib */; };
		A4F009AF1BA5D10300E354E8 /* SettingOnlyTextCell.swift in Sources */ = {isa = PBXBuildFile; fileRef = A4F009AD1BA5D10300E354E8 /* SettingOnlyTextCell.swift */; };
		A4F009B01BA5D10300E354E8 /* SettingOnlyTextCell.xib in Resources */ = {isa = PBXBuildFile; fileRef = A4F009AE1BA5D10300E354E8 /* SettingOnlyTextCell.xib */; };
		A4F009B51BA5D1AC00E354E8 /* NotificationViewController.swift in Sources */ = {isa = PBXBuildFile; fileRef = A4F009B31BA5D1AC00E354E8 /* NotificationViewController.swift */; };
		A4F009B61BA5D1AC00E354E8 /* NotificationViewController.xib in Resources */ = {isa = PBXBuildFile; fileRef = A4F009B41BA5D1AC00E354E8 /* NotificationViewController.xib */; };
		A4F009BA1BA5D1F700E354E8 /* NotificationCell.swift in Sources */ = {isa = PBXBuildFile; fileRef = A4F009B81BA5D1F700E354E8 /* NotificationCell.swift */; };
		A4F009BB1BA5D1F700E354E8 /* NotificationCell.xib in Resources */ = {isa = PBXBuildFile; fileRef = A4F009B91BA5D1F700E354E8 /* NotificationCell.xib */; };
		A4F009BF1BA5DB6C00E354E8 /* MenuViewController.swift in Sources */ = {isa = PBXBuildFile; fileRef = A4F009BD1BA5DB6C00E354E8 /* MenuViewController.swift */; };
		A4F009C01BA5DB6C00E354E8 /* MenuViewController.xib in Resources */ = {isa = PBXBuildFile; fileRef = A4F009BE1BA5DB6C00E354E8 /* MenuViewController.xib */; };
		A4F009C41BA5DCE100E354E8 /* MenuCell.swift in Sources */ = {isa = PBXBuildFile; fileRef = A4F009C21BA5DCE100E354E8 /* MenuCell.swift */; };
		A4F009C51BA5DCE100E354E8 /* MenuCell.xib in Resources */ = {isa = PBXBuildFile; fileRef = A4F009C31BA5DCE100E354E8 /* MenuCell.xib */; };
		A4F009C81BA5DF8600E354E8 /* TopMenuCell.swift in Sources */ = {isa = PBXBuildFile; fileRef = A4F009C61BA5DF8600E354E8 /* TopMenuCell.swift */; };
		A4F009C91BA5DF8600E354E8 /* TopMenuCell.xib in Resources */ = {isa = PBXBuildFile; fileRef = A4F009C71BA5DF8600E354E8 /* TopMenuCell.xib */; };
		A4F009CE1BA5E17700E354E8 /* EditProfileViewController.swift in Sources */ = {isa = PBXBuildFile; fileRef = A4F009CC1BA5E17700E354E8 /* EditProfileViewController.swift */; };
		A4F009CF1BA5E17700E354E8 /* EditProfileViewController.xib in Resources */ = {isa = PBXBuildFile; fileRef = A4F009CD1BA5E17700E354E8 /* EditProfileViewController.xib */; };
		A4F23E6C1BE20C3100CFE0F6 /* PostObject.swift in Sources */ = {isa = PBXBuildFile; fileRef = A4F23E6B1BE20C3100CFE0F6 /* PostObject.swift */; };
		A4F23E6E1BE20C4800CFE0F6 /* PostAPI.swift in Sources */ = {isa = PBXBuildFile; fileRef = A4F23E6D1BE20C4800CFE0F6 /* PostAPI.swift */; };
		A4FC2C0E1B91FADD000AFD50 /* AppDelegate.swift in Sources */ = {isa = PBXBuildFile; fileRef = A4FC2C0D1B91FADD000AFD50 /* AppDelegate.swift */; };
		A4FC2C101B91FADD000AFD50 /* ViewController.swift in Sources */ = {isa = PBXBuildFile; fileRef = A4FC2C0F1B91FADD000AFD50 /* ViewController.swift */; };
		A4FC2C131B91FADD000AFD50 /* Main.storyboard in Resources */ = {isa = PBXBuildFile; fileRef = A4FC2C111B91FADD000AFD50 /* Main.storyboard */; };
		A4FC2C151B91FADD000AFD50 /* Images.xcassets in Resources */ = {isa = PBXBuildFile; fileRef = A4FC2C141B91FADD000AFD50 /* Images.xcassets */; };
		A4FC2C181B91FADD000AFD50 /* LaunchScreen.xib in Resources */ = {isa = PBXBuildFile; fileRef = A4FC2C161B91FADD000AFD50 /* LaunchScreen.xib */; };
		A4FC2C241B91FADD000AFD50 /* FashionSocialTests.swift in Sources */ = {isa = PBXBuildFile; fileRef = A4FC2C231B91FADD000AFD50 /* FashionSocialTests.swift */; };
		A4FC2C331B91FEAC000AFD50 /* LoginViewController.swift in Sources */ = {isa = PBXBuildFile; fileRef = A4FC2C311B91FEAC000AFD50 /* LoginViewController.swift */; };
		A4FC2C341B91FEAC000AFD50 /* LoginViewController.xib in Resources */ = {isa = PBXBuildFile; fileRef = A4FC2C321B91FEAC000AFD50 /* LoginViewController.xib */; };
		A4FC2C371B91FFB6000AFD50 /* BaseViewController.swift in Sources */ = {isa = PBXBuildFile; fileRef = A4FC2C361B91FFB6000AFD50 /* BaseViewController.swift */; };
		A4FC2C441B92010B000AFD50 /* OpenSans-Bold.ttf in Resources */ = {isa = PBXBuildFile; fileRef = A4FC2C3A1B92010B000AFD50 /* OpenSans-Bold.ttf */; };
		A4FC2C451B92010B000AFD50 /* OpenSans-BoldItalic.ttf in Resources */ = {isa = PBXBuildFile; fileRef = A4FC2C3B1B92010B000AFD50 /* OpenSans-BoldItalic.ttf */; };
		A4FC2C461B92010B000AFD50 /* OpenSans-ExtraBold.ttf in Resources */ = {isa = PBXBuildFile; fileRef = A4FC2C3C1B92010B000AFD50 /* OpenSans-ExtraBold.ttf */; };
		A4FC2C471B92010B000AFD50 /* OpenSans-ExtraBoldItalic.ttf in Resources */ = {isa = PBXBuildFile; fileRef = A4FC2C3D1B92010B000AFD50 /* OpenSans-ExtraBoldItalic.ttf */; };
		A4FC2C481B92010B000AFD50 /* OpenSans-Italic.ttf in Resources */ = {isa = PBXBuildFile; fileRef = A4FC2C3E1B92010B000AFD50 /* OpenSans-Italic.ttf */; };
		A4FC2C491B92010B000AFD50 /* OpenSans-Light.ttf in Resources */ = {isa = PBXBuildFile; fileRef = A4FC2C3F1B92010B000AFD50 /* OpenSans-Light.ttf */; };
		A4FC2C4A1B92010B000AFD50 /* OpenSans-LightItalic.ttf in Resources */ = {isa = PBXBuildFile; fileRef = A4FC2C401B92010B000AFD50 /* OpenSans-LightItalic.ttf */; };
		A4FC2C4B1B92010B000AFD50 /* OpenSans-Regular.ttf in Resources */ = {isa = PBXBuildFile; fileRef = A4FC2C411B92010B000AFD50 /* OpenSans-Regular.ttf */; };
		A4FC2C4C1B92010B000AFD50 /* OpenSans-Semibold.ttf in Resources */ = {isa = PBXBuildFile; fileRef = A4FC2C421B92010B000AFD50 /* OpenSans-Semibold.ttf */; };
		A4FC2C4D1B92010B000AFD50 /* OpenSans-SemiboldItalic.ttf in Resources */ = {isa = PBXBuildFile; fileRef = A4FC2C431B92010B000AFD50 /* OpenSans-SemiboldItalic.ttf */; };
		AEAA0AA052C9B8A224308BA1 /* libPods.a in Frameworks */ = {isa = PBXBuildFile; fileRef = 8B56076838BA6FE84E4509D0 /* libPods.a */; };
/* End PBXBuildFile section */

/* Begin PBXContainerItemProxy section */
		A4FC2C1E1B91FADD000AFD50 /* PBXContainerItemProxy */ = {
			isa = PBXContainerItemProxy;
			containerPortal = A4FC2C001B91FADD000AFD50 /* Project object */;
			proxyType = 1;
			remoteGlobalIDString = A4FC2C071B91FADD000AFD50;
			remoteInfo = FashionSocial;
		};
/* End PBXContainerItemProxy section */

/* Begin PBXFileReference section */
		22998F17A84CD4856F3D9FAC /* Pods.debug.xcconfig */ = {isa = PBXFileReference; includeInIndex = 1; lastKnownFileType = text.xcconfig; name = Pods.debug.xcconfig; path = "Pods/Target Support Files/Pods/Pods.debug.xcconfig"; sourceTree = "<group>"; };
		8B56076838BA6FE84E4509D0 /* libPods.a */ = {isa = PBXFileReference; explicitFileType = archive.ar; includeInIndex = 0; path = libPods.a; sourceTree = BUILT_PRODUCTS_DIR; };
		A49DE1791BD9CB5A008FC26D /* UserAPI.swift */ = {isa = PBXFileReference; fileEncoding = 4; lastKnownFileType = sourcecode.swift; path = UserAPI.swift; sourceTree = "<group>"; };
		A49DE17B1BD9CB6B008FC26D /* ModelManager.swift */ = {isa = PBXFileReference; fileEncoding = 4; lastKnownFileType = sourcecode.swift; path = ModelManager.swift; sourceTree = "<group>"; };
		A4A771F61BB477C1005DA798 /* UserObject.swift */ = {isa = PBXFileReference; fileEncoding = 4; lastKnownFileType = sourcecode.swift; path = UserObject.swift; sourceTree = "<group>"; };
		A4EA201B1BB3E7E200B49CB4 /* ProfileViewController.swift */ = {isa = PBXFileReference; fileEncoding = 4; lastKnownFileType = sourcecode.swift; path = ProfileViewController.swift; sourceTree = "<group>"; };
		A4EA201C1BB3E7E200B49CB4 /* ProfileViewController.xib */ = {isa = PBXFileReference; fileEncoding = 4; lastKnownFileType = file.xib; path = ProfileViewController.xib; sourceTree = "<group>"; };
		A4EA20201BB3F43000B49CB4 /* ProfileCell.swift */ = {isa = PBXFileReference; fileEncoding = 4; lastKnownFileType = sourcecode.swift; path = ProfileCell.swift; sourceTree = "<group>"; };
		A4EA20211BB3F43000B49CB4 /* ProfileCell.xib */ = {isa = PBXFileReference; fileEncoding = 4; lastKnownFileType = file.xib; path = ProfileCell.xib; sourceTree = "<group>"; };
		A4EA20251BB3FE4700B49CB4 /* ImageGalleryViewController.swift */ = {isa = PBXFileReference; fileEncoding = 4; lastKnownFileType = sourcecode.swift; path = ImageGalleryViewController.swift; sourceTree = "<group>"; };
		A4EA20261BB3FE4700B49CB4 /* ImageGalleryViewController.xib */ = {isa = PBXFileReference; fileEncoding = 4; lastKnownFileType = file.xib; path = ImageGalleryViewController.xib; sourceTree = "<group>"; };
		A4EA202A1BB400C200B49CB4 /* ImageGalleryCell.swift */ = {isa = PBXFileReference; fileEncoding = 4; lastKnownFileType = sourcecode.swift; path = ImageGalleryCell.swift; sourceTree = "<group>"; };
		A4EA202B1BB400C200B49CB4 /* ImageGalleryCell.xib */ = {isa = PBXFileReference; fileEncoding = 4; lastKnownFileType = file.xib; path = ImageGalleryCell.xib; sourceTree = "<group>"; };
		A4EA202F1BB402BD00B49CB4 /* NewsFeedViewController.swift */ = {isa = PBXFileReference; fileEncoding = 4; lastKnownFileType = sourcecode.swift; path = NewsFeedViewController.swift; sourceTree = "<group>"; };
		A4EA20301BB402BD00B49CB4 /* NewsFeedViewController.xib */ = {isa = PBXFileReference; fileEncoding = 4; lastKnownFileType = file.xib; path = NewsFeedViewController.xib; sourceTree = "<group>"; };
		A4EA20341BB407D900B49CB4 /* NewPostViewController.swift */ = {isa = PBXFileReference; fileEncoding = 4; lastKnownFileType = sourcecode.swift; path = NewPostViewController.swift; sourceTree = "<group>"; };
		A4EA20351BB407D900B49CB4 /* NewPostViewController.xib */ = {isa = PBXFileReference; fileEncoding = 4; lastKnownFileType = file.xib; path = NewPostViewController.xib; sourceTree = "<group>"; };
		A4EA20391BB40E1A00B49CB4 /* BookMarkViewController.swift */ = {isa = PBXFileReference; fileEncoding = 4; lastKnownFileType = sourcecode.swift; path = BookMarkViewController.swift; sourceTree = "<group>"; };
		A4EA203A1BB40E1A00B49CB4 /* BookMarkViewController.xib */ = {isa = PBXFileReference; fileEncoding = 4; lastKnownFileType = file.xib; path = BookMarkViewController.xib; sourceTree = "<group>"; };
		A4EA203E1BB419C600B49CB4 /* NewsFeedCell.swift */ = {isa = PBXFileReference; fileEncoding = 4; lastKnownFileType = sourcecode.swift; path = NewsFeedCell.swift; sourceTree = "<group>"; };
		A4EA203F1BB419C600B49CB4 /* NewsFeedCell.xib */ = {isa = PBXFileReference; fileEncoding = 4; lastKnownFileType = file.xib; path = NewsFeedCell.xib; sourceTree = "<group>"; };
		A4EA896C1BBCD31700E8E8F9 /* CommentViewController.swift */ = {isa = PBXFileReference; fileEncoding = 4; lastKnownFileType = sourcecode.swift; path = CommentViewController.swift; sourceTree = "<group>"; };
		A4EA896D1BBCD31700E8E8F9 /* CommentViewController.xib */ = {isa = PBXFileReference; fileEncoding = 4; lastKnownFileType = file.xib; path = CommentViewController.xib; sourceTree = "<group>"; };
		A4EA89711BBCD3A000E8E8F9 /* CommentHeaderView.swift */ = {isa = PBXFileReference; fileEncoding = 4; lastKnownFileType = sourcecode.swift; path = CommentHeaderView.swift; sourceTree = "<group>"; };
		A4EA89731BBCD3AA00E8E8F9 /* CommentHeaderView.xib */ = {isa = PBXFileReference; fileEncoding = 4; lastKnownFileType = file.xib; path = CommentHeaderView.xib; sourceTree = "<group>"; };
		A4EA89751BBCD3C600E8E8F9 /* CommentCell.swift */ = {isa = PBXFileReference; fileEncoding = 4; lastKnownFileType = sourcecode.swift; path = CommentCell.swift; sourceTree = "<group>"; };
		A4EA89761BBCD3C600E8E8F9 /* CommentCell.xib */ = {isa = PBXFileReference; fileEncoding = 4; lastKnownFileType = file.xib; path = CommentCell.xib; sourceTree = "<group>"; };
		A4F009731BA5C58200E354E8 /* ArrayExtension.swift */ = {isa = PBXFileReference; fileEncoding = 4; lastKnownFileType = sourcecode.swift; path = ArrayExtension.swift; sourceTree = "<group>"; };
		A4F009741BA5C58200E354E8 /* NSDateExtension.swift */ = {isa = PBXFileReference; fileEncoding = 4; lastKnownFileType = sourcecode.swift; path = NSDateExtension.swift; sourceTree = "<group>"; };
		A4F009751BA5C58200E354E8 /* StringExtension.swift */ = {isa = PBXFileReference; fileEncoding = 4; lastKnownFileType = sourcecode.swift; path = StringExtension.swift; sourceTree = "<group>"; };
		A4F009761BA5C58200E354E8 /* UIButtonExtension.swift */ = {isa = PBXFileReference; fileEncoding = 4; lastKnownFileType = sourcecode.swift; path = UIButtonExtension.swift; sourceTree = "<group>"; };
		A4F009771BA5C58200E354E8 /* UIColorExtension.swift */ = {isa = PBXFileReference; fileEncoding = 4; lastKnownFileType = sourcecode.swift; path = UIColorExtension.swift; sourceTree = "<group>"; };
		A4F009781BA5C58200E354E8 /* UIImageExtension.swift */ = {isa = PBXFileReference; fileEncoding = 4; lastKnownFileType = sourcecode.swift; path = UIImageExtension.swift; sourceTree = "<group>"; };
		A4F009791BA5C58200E354E8 /* UITextFieldExtension.swift */ = {isa = PBXFileReference; fileEncoding = 4; lastKnownFileType = sourcecode.swift; path = UITextFieldExtension.swift; sourceTree = "<group>"; };
		A4F0097A1BA5C58200E354E8 /* UITextViewExtension.swift */ = {isa = PBXFileReference; fileEncoding = 4; lastKnownFileType = sourcecode.swift; path = UITextViewExtension.swift; sourceTree = "<group>"; };
		A4F0097B1BA5C58200E354E8 /* UIViewExtension.swift */ = {isa = PBXFileReference; fileEncoding = 4; lastKnownFileType = sourcecode.swift; path = UIViewExtension.swift; sourceTree = "<group>"; };
		A4F009851BA5C5CB00E354E8 /* Roboto-Black.ttf */ = {isa = PBXFileReference; lastKnownFileType = file; path = "Roboto-Black.ttf"; sourceTree = "<group>"; };
		A4F009861BA5C5CB00E354E8 /* Roboto-Bold.ttf */ = {isa = PBXFileReference; lastKnownFileType = file; path = "Roboto-Bold.ttf"; sourceTree = "<group>"; };
		A4F009871BA5C5CB00E354E8 /* Roboto-Light.ttf */ = {isa = PBXFileReference; lastKnownFileType = file; path = "Roboto-Light.ttf"; sourceTree = "<group>"; };
		A4F009881BA5C5CB00E354E8 /* Roboto-Medium.ttf */ = {isa = PBXFileReference; lastKnownFileType = file; path = "Roboto-Medium.ttf"; sourceTree = "<group>"; };
		A4F009891BA5C5CB00E354E8 /* Roboto-Regular.ttf */ = {isa = PBXFileReference; lastKnownFileType = file; path = "Roboto-Regular.ttf"; sourceTree = "<group>"; };
		A4F0098A1BA5C5CB00E354E8 /* Roboto-Thin.ttf */ = {isa = PBXFileReference; lastKnownFileType = file; path = "Roboto-Thin.ttf"; sourceTree = "<group>"; };
		A4F009921BA5C79700E354E8 /* AppConstant.swift */ = {isa = PBXFileReference; fileEncoding = 4; lastKnownFileType = sourcecode.swift; path = AppConstant.swift; sourceTree = "<group>"; };
		A4F009931BA5C79700E354E8 /* Utilities.swift */ = {isa = PBXFileReference; fileEncoding = 4; lastKnownFileType = sourcecode.swift; path = Utilities.swift; sourceTree = "<group>"; };
		A4F009961BA5C84600E354E8 /* WelcomeViewController.swift */ = {isa = PBXFileReference; fileEncoding = 4; lastKnownFileType = sourcecode.swift; path = WelcomeViewController.swift; sourceTree = "<group>"; };
		A4F009971BA5C84600E354E8 /* WelcomeViewController.xib */ = {isa = PBXFileReference; fileEncoding = 4; lastKnownFileType = file.xib; path = WelcomeViewController.xib; sourceTree = "<group>"; };
		A4F0099A1BA5C8B000E354E8 /* CategoryViewController.swift */ = {isa = PBXFileReference; fileEncoding = 4; lastKnownFileType = sourcecode.swift; path = CategoryViewController.swift; sourceTree = "<group>"; };
		A4F0099B1BA5C8B000E354E8 /* CategoryViewController.xib */ = {isa = PBXFileReference; fileEncoding = 4; lastKnownFileType = file.xib; path = CategoryViewController.xib; sourceTree = "<group>"; };
		A4F0099F1BA5CC2C00E354E8 /* FavoriteCell.swift */ = {isa = PBXFileReference; fileEncoding = 4; lastKnownFileType = sourcecode.swift; path = FavoriteCell.swift; sourceTree = "<group>"; };
		A4F009A01BA5CC2C00E354E8 /* FavoriteCell.xib */ = {isa = PBXFileReference; fileEncoding = 4; lastKnownFileType = file.xib; path = FavoriteCell.xib; sourceTree = "<group>"; };
		A4F009A41BA5CF8B00E354E8 /* SettingViewController.swift */ = {isa = PBXFileReference; fileEncoding = 4; lastKnownFileType = sourcecode.swift; path = SettingViewController.swift; sourceTree = "<group>"; };
		A4F009A51BA5CF8B00E354E8 /* SettingViewController.xib */ = {isa = PBXFileReference; fileEncoding = 4; lastKnownFileType = file.xib; path = SettingViewController.xib; sourceTree = "<group>"; };
		A4F009A91BA5D02500E354E8 /* SettingSwitchCell.swift */ = {isa = PBXFileReference; fileEncoding = 4; lastKnownFileType = sourcecode.swift; path = SettingSwitchCell.swift; sourceTree = "<group>"; };
		A4F009AA1BA5D02500E354E8 /* SettingSwitchCell.xib */ = {isa = PBXFileReference; fileEncoding = 4; lastKnownFileType = file.xib; path = SettingSwitchCell.xib; sourceTree = "<group>"; };
		A4F009AD1BA5D10300E354E8 /* SettingOnlyTextCell.swift */ = {isa = PBXFileReference; fileEncoding = 4; lastKnownFileType = sourcecode.swift; path = SettingOnlyTextCell.swift; sourceTree = "<group>"; };
		A4F009AE1BA5D10300E354E8 /* SettingOnlyTextCell.xib */ = {isa = PBXFileReference; fileEncoding = 4; lastKnownFileType = file.xib; path = SettingOnlyTextCell.xib; sourceTree = "<group>"; };
		A4F009B31BA5D1AC00E354E8 /* NotificationViewController.swift */ = {isa = PBXFileReference; fileEncoding = 4; lastKnownFileType = sourcecode.swift; path = NotificationViewController.swift; sourceTree = "<group>"; };
		A4F009B41BA5D1AC00E354E8 /* NotificationViewController.xib */ = {isa = PBXFileReference; fileEncoding = 4; lastKnownFileType = file.xib; path = NotificationViewController.xib; sourceTree = "<group>"; };
		A4F009B81BA5D1F700E354E8 /* NotificationCell.swift */ = {isa = PBXFileReference; fileEncoding = 4; lastKnownFileType = sourcecode.swift; path = NotificationCell.swift; sourceTree = "<group>"; };
		A4F009B91BA5D1F700E354E8 /* NotificationCell.xib */ = {isa = PBXFileReference; fileEncoding = 4; lastKnownFileType = file.xib; path = NotificationCell.xib; sourceTree = "<group>"; };
		A4F009BD1BA5DB6C00E354E8 /* MenuViewController.swift */ = {isa = PBXFileReference; fileEncoding = 4; lastKnownFileType = sourcecode.swift; path = MenuViewController.swift; sourceTree = "<group>"; };
		A4F009BE1BA5DB6C00E354E8 /* MenuViewController.xib */ = {isa = PBXFileReference; fileEncoding = 4; lastKnownFileType = file.xib; path = MenuViewController.xib; sourceTree = "<group>"; };
		A4F009C21BA5DCE100E354E8 /* MenuCell.swift */ = {isa = PBXFileReference; fileEncoding = 4; lastKnownFileType = sourcecode.swift; path = MenuCell.swift; sourceTree = "<group>"; };
		A4F009C31BA5DCE100E354E8 /* MenuCell.xib */ = {isa = PBXFileReference; fileEncoding = 4; lastKnownFileType = file.xib; path = MenuCell.xib; sourceTree = "<group>"; };
		A4F009C61BA5DF8600E354E8 /* TopMenuCell.swift */ = {isa = PBXFileReference; fileEncoding = 4; lastKnownFileType = sourcecode.swift; path = TopMenuCell.swift; sourceTree = "<group>"; };
		A4F009C71BA5DF8600E354E8 /* TopMenuCell.xib */ = {isa = PBXFileReference; fileEncoding = 4; lastKnownFileType = file.xib; path = TopMenuCell.xib; sourceTree = "<group>"; };
		A4F009CC1BA5E17700E354E8 /* EditProfileViewController.swift */ = {isa = PBXFileReference; fileEncoding = 4; lastKnownFileType = sourcecode.swift; path = EditProfileViewController.swift; sourceTree = "<group>"; };
		A4F009CD1BA5E17700E354E8 /* EditProfileViewController.xib */ = {isa = PBXFileReference; fileEncoding = 4; lastKnownFileType = file.xib; path = EditProfileViewController.xib; sourceTree = "<group>"; };
		A4F009D01BA5E47C00E354E8 /* FashionSocial-Bridging-Header.h */ = {isa = PBXFileReference; lastKnownFileType = sourcecode.c.h; path = "FashionSocial-Bridging-Header.h"; sourceTree = "<group>"; };
		A4F23E6B1BE20C3100CFE0F6 /* PostObject.swift */ = {isa = PBXFileReference; fileEncoding = 4; lastKnownFileType = sourcecode.swift; path = PostObject.swift; sourceTree = "<group>"; };
		A4F23E6D1BE20C4800CFE0F6 /* PostAPI.swift */ = {isa = PBXFileReference; fileEncoding = 4; lastKnownFileType = sourcecode.swift; path = PostAPI.swift; sourceTree = "<group>"; };
		A4FC2C081B91FADD000AFD50 /* FashionSocial.app */ = {isa = PBXFileReference; explicitFileType = wrapper.application; includeInIndex = 0; path = FashionSocial.app; sourceTree = BUILT_PRODUCTS_DIR; };
		A4FC2C0C1B91FADD000AFD50 /* Info.plist */ = {isa = PBXFileReference; lastKnownFileType = text.plist.xml; path = Info.plist; sourceTree = "<group>"; };
		A4FC2C0D1B91FADD000AFD50 /* AppDelegate.swift */ = {isa = PBXFileReference; lastKnownFileType = sourcecode.swift; path = AppDelegate.swift; sourceTree = "<group>"; };
		A4FC2C0F1B91FADD000AFD50 /* ViewController.swift */ = {isa = PBXFileReference; lastKnownFileType = sourcecode.swift; path = ViewController.swift; sourceTree = "<group>"; };
		A4FC2C121B91FADD000AFD50 /* Base */ = {isa = PBXFileReference; lastKnownFileType = file.storyboard; name = Base; path = Base.lproj/Main.storyboard; sourceTree = "<group>"; };
		A4FC2C141B91FADD000AFD50 /* Images.xcassets */ = {isa = PBXFileReference; lastKnownFileType = folder.assetcatalog; path = Images.xcassets; sourceTree = "<group>"; };
		A4FC2C171B91FADD000AFD50 /* Base */ = {isa = PBXFileReference; lastKnownFileType = file.xib; name = Base; path = Base.lproj/LaunchScreen.xib; sourceTree = "<group>"; };
		A4FC2C1D1B91FADD000AFD50 /* FashionSocialTests.xctest */ = {isa = PBXFileReference; explicitFileType = wrapper.cfbundle; includeInIndex = 0; path = FashionSocialTests.xctest; sourceTree = BUILT_PRODUCTS_DIR; };
		A4FC2C221B91FADD000AFD50 /* Info.plist */ = {isa = PBXFileReference; lastKnownFileType = text.plist.xml; path = Info.plist; sourceTree = "<group>"; };
		A4FC2C231B91FADD000AFD50 /* FashionSocialTests.swift */ = {isa = PBXFileReference; lastKnownFileType = sourcecode.swift; path = FashionSocialTests.swift; sourceTree = "<group>"; };
		A4FC2C311B91FEAC000AFD50 /* LoginViewController.swift */ = {isa = PBXFileReference; fileEncoding = 4; lastKnownFileType = sourcecode.swift; path = LoginViewController.swift; sourceTree = "<group>"; };
		A4FC2C321B91FEAC000AFD50 /* LoginViewController.xib */ = {isa = PBXFileReference; fileEncoding = 4; lastKnownFileType = file.xib; path = LoginViewController.xib; sourceTree = "<group>"; };
		A4FC2C361B91FFB6000AFD50 /* BaseViewController.swift */ = {isa = PBXFileReference; fileEncoding = 4; lastKnownFileType = sourcecode.swift; path = BaseViewController.swift; sourceTree = "<group>"; };
		A4FC2C3A1B92010B000AFD50 /* OpenSans-Bold.ttf */ = {isa = PBXFileReference; lastKnownFileType = file; path = "OpenSans-Bold.ttf"; sourceTree = "<group>"; };
		A4FC2C3B1B92010B000AFD50 /* OpenSans-BoldItalic.ttf */ = {isa = PBXFileReference; lastKnownFileType = file; path = "OpenSans-BoldItalic.ttf"; sourceTree = "<group>"; };
		A4FC2C3C1B92010B000AFD50 /* OpenSans-ExtraBold.ttf */ = {isa = PBXFileReference; lastKnownFileType = file; path = "OpenSans-ExtraBold.ttf"; sourceTree = "<group>"; };
		A4FC2C3D1B92010B000AFD50 /* OpenSans-ExtraBoldItalic.ttf */ = {isa = PBXFileReference; lastKnownFileType = file; path = "OpenSans-ExtraBoldItalic.ttf"; sourceTree = "<group>"; };
		A4FC2C3E1B92010B000AFD50 /* OpenSans-Italic.ttf */ = {isa = PBXFileReference; lastKnownFileType = file; path = "OpenSans-Italic.ttf"; sourceTree = "<group>"; };
		A4FC2C3F1B92010B000AFD50 /* OpenSans-Light.ttf */ = {isa = PBXFileReference; lastKnownFileType = file; path = "OpenSans-Light.ttf"; sourceTree = "<group>"; };
		A4FC2C401B92010B000AFD50 /* OpenSans-LightItalic.ttf */ = {isa = PBXFileReference; lastKnownFileType = file; path = "OpenSans-LightItalic.ttf"; sourceTree = "<group>"; };
		A4FC2C411B92010B000AFD50 /* OpenSans-Regular.ttf */ = {isa = PBXFileReference; lastKnownFileType = file; path = "OpenSans-Regular.ttf"; sourceTree = "<group>"; };
		A4FC2C421B92010B000AFD50 /* OpenSans-Semibold.ttf */ = {isa = PBXFileReference; lastKnownFileType = file; path = "OpenSans-Semibold.ttf"; sourceTree = "<group>"; };
		A4FC2C431B92010B000AFD50 /* OpenSans-SemiboldItalic.ttf */ = {isa = PBXFileReference; lastKnownFileType = file; path = "OpenSans-SemiboldItalic.ttf"; sourceTree = "<group>"; };
		B7898B351739E0B444544E69 /* Pods.release.xcconfig */ = {isa = PBXFileReference; includeInIndex = 1; lastKnownFileType = text.xcconfig; name = Pods.release.xcconfig; path = "Pods/Target Support Files/Pods/Pods.release.xcconfig"; sourceTree = "<group>"; };
/* End PBXFileReference section */

/* Begin PBXFrameworksBuildPhase section */
		A4FC2C051B91FADD000AFD50 /* Frameworks */ = {
			isa = PBXFrameworksBuildPhase;
			buildActionMask = 2147483647;
			files = (
				AEAA0AA052C9B8A224308BA1 /* libPods.a in Frameworks */,
			);
			runOnlyForDeploymentPostprocessing = 0;
		};
		A4FC2C1A1B91FADD000AFD50 /* Frameworks */ = {
			isa = PBXFrameworksBuildPhase;
			buildActionMask = 2147483647;
			files = (
			);
			runOnlyForDeploymentPostprocessing = 0;
		};
/* End PBXFrameworksBuildPhase section */

/* Begin PBXGroup section */
		33A094663288E16C75520201 /* Frameworks */ = {
			isa = PBXGroup;
			children = (
				8B56076838BA6FE84E4509D0 /* libPods.a */,
			);
			name = Frameworks;
			sourceTree = "<group>";
		};
		6EEF5C40E0DDE00B3D207093 /* Pods */ = {
			isa = PBXGroup;
			children = (
				22998F17A84CD4856F3D9FAC /* Pods.debug.xcconfig */,
				B7898B351739E0B444544E69 /* Pods.release.xcconfig */,
			);
			name = Pods;
			sourceTree = "<group>";
		};
		A49DE1781BD9CB4E008FC26D /* API */ = {
			isa = PBXGroup;
			children = (
				A49DE1791BD9CB5A008FC26D /* UserAPI.swift */,
				A49DE17B1BD9CB6B008FC26D /* ModelManager.swift */,
				A4F23E6D1BE20C4800CFE0F6 /* PostAPI.swift */,
			);
			path = API;
			sourceTree = "<group>";
		};
		A4A771F21BB47793005DA798 /* Models */ = {
			isa = PBXGroup;
			children = (
				A49DE1781BD9CB4E008FC26D /* API */,
				A4A771F51BB477AD005DA798 /* Objects */,
			);
			path = Models;
			sourceTree = "<group>";
		};
		A4A771F51BB477AD005DA798 /* Objects */ = {
			isa = PBXGroup;
			children = (
				A4A771F61BB477C1005DA798 /* UserObject.swift */,
				A4F23E6B1BE20C3100CFE0F6 /* PostObject.swift */,
			);
			path = Objects;
			sourceTree = "<group>";
		};
		A4EA201F1BB3EA3800B49CB4 /* Cell & Header */ = {
			isa = PBXGroup;
			children = (
				A4EA20201BB3F43000B49CB4 /* ProfileCell.swift */,
				A4EA20211BB3F43000B49CB4 /* ProfileCell.xib */,
			);
			path = "Cell & Header";
			sourceTree = "<group>";
		};
		A4EA20241BB3FE3600B49CB4 /* Image Gallery View Controller */ = {
			isa = PBXGroup;
			children = (
				A4EA20291BB400B000B49CB4 /* Cell */,
				A4EA20251BB3FE4700B49CB4 /* ImageGalleryViewController.swift */,
				A4EA20261BB3FE4700B49CB4 /* ImageGalleryViewController.xib */,
			);
			path = "Image Gallery View Controller";
			sourceTree = "<group>";
		};
		A4EA20291BB400B000B49CB4 /* Cell */ = {
			isa = PBXGroup;
			children = (
				A4EA202A1BB400C200B49CB4 /* ImageGalleryCell.swift */,
				A4EA202B1BB400C200B49CB4 /* ImageGalleryCell.xib */,
			);
			path = Cell;
			sourceTree = "<group>";
		};
		A4EA202E1BB402AC00B49CB4 /* News Feed View Controller */ = {
			isa = PBXGroup;
			children = (
				A4EA203D1BB419B400B49CB4 /* Cell */,
				A4EA20331BB407CC00B49CB4 /* New Post View Controller */,
				A4EA202F1BB402BD00B49CB4 /* NewsFeedViewController.swift */,
				A4EA20301BB402BD00B49CB4 /* NewsFeedViewController.xib */,
			);
			path = "News Feed View Controller";
			sourceTree = "<group>";
		};
		A4EA20331BB407CC00B49CB4 /* New Post View Controller */ = {
			isa = PBXGroup;
			children = (
				A4EA20341BB407D900B49CB4 /* NewPostViewController.swift */,
				A4EA20351BB407D900B49CB4 /* NewPostViewController.xib */,
			);
			path = "New Post View Controller";
			sourceTree = "<group>";
		};
		A4EA20381BB40E0E00B49CB4 /* Book Mark View Controller */ = {
			isa = PBXGroup;
			children = (
				A4EA20391BB40E1A00B49CB4 /* BookMarkViewController.swift */,
				A4EA203A1BB40E1A00B49CB4 /* BookMarkViewController.xib */,
			);
			path = "Book Mark View Controller";
			sourceTree = "<group>";
		};
		A4EA203D1BB419B400B49CB4 /* Cell */ = {
			isa = PBXGroup;
			children = (
				A4EA203E1BB419C600B49CB4 /* NewsFeedCell.swift */,
				A4EA203F1BB419C600B49CB4 /* NewsFeedCell.xib */,
			);
			path = Cell;
			sourceTree = "<group>";
		};
		A4EA896B1BBCD2D900E8E8F9 /* Comment View Controller */ = {
			isa = PBXGroup;
			children = (
				A4EA89701BBCD38900E8E8F9 /* Cell&Header */,
				A4EA896C1BBCD31700E8E8F9 /* CommentViewController.swift */,
				A4EA896D1BBCD31700E8E8F9 /* CommentViewController.xib */,
			);
			path = "Comment View Controller";
			sourceTree = "<group>";
		};
		A4EA89701BBCD38900E8E8F9 /* Cell&Header */ = {
			isa = PBXGroup;
			children = (
				A4EA89711BBCD3A000E8E8F9 /* CommentHeaderView.swift */,
				A4EA89731BBCD3AA00E8E8F9 /* CommentHeaderView.xib */,
				A4EA89751BBCD3C600E8E8F9 /* CommentCell.swift */,
				A4EA89761BBCD3C600E8E8F9 /* CommentCell.xib */,
			);
			path = "Cell&Header";
			sourceTree = "<group>";
		};
		A4F009721BA5C58200E354E8 /* Extensions */ = {
			isa = PBXGroup;
			children = (
				A4F009731BA5C58200E354E8 /* ArrayExtension.swift */,
				A4F009741BA5C58200E354E8 /* NSDateExtension.swift */,
				A4F009751BA5C58200E354E8 /* StringExtension.swift */,
				A4F009761BA5C58200E354E8 /* UIButtonExtension.swift */,
				A4F009771BA5C58200E354E8 /* UIColorExtension.swift */,
				A4F009781BA5C58200E354E8 /* UIImageExtension.swift */,
				A4F009791BA5C58200E354E8 /* UITextFieldExtension.swift */,
				A4F0097A1BA5C58200E354E8 /* UITextViewExtension.swift */,
				A4F0097B1BA5C58200E354E8 /* UIViewExtension.swift */,
			);
			path = Extensions;
			sourceTree = "<group>";
		};
		A4F009911BA5C78C00E354E8 /* Utils */ = {
			isa = PBXGroup;
			children = (
				A4F009921BA5C79700E354E8 /* AppConstant.swift */,
				A4F009931BA5C79700E354E8 /* Utilities.swift */,
			);
			path = Utils;
			sourceTree = "<group>";
		};
		A4F0099E1BA5CC1C00E354E8 /* Cell */ = {
			isa = PBXGroup;
			children = (
				A4F0099F1BA5CC2C00E354E8 /* FavoriteCell.swift */,
				A4F009A01BA5CC2C00E354E8 /* FavoriteCell.xib */,
			);
			path = Cell;
			sourceTree = "<group>";
		};
		A4F009A31BA5CF7C00E354E8 /* Setting View Controller */ = {
			isa = PBXGroup;
			children = (
				A4F009A81BA5D00500E354E8 /* Cell */,
				A4F009A41BA5CF8B00E354E8 /* SettingViewController.swift */,
				A4F009A51BA5CF8B00E354E8 /* SettingViewController.xib */,
			);
			path = "Setting View Controller";
			sourceTree = "<group>";
		};
		A4F009A81BA5D00500E354E8 /* Cell */ = {
			isa = PBXGroup;
			children = (
				A4F009A91BA5D02500E354E8 /* SettingSwitchCell.swift */,
				A4F009AA1BA5D02500E354E8 /* SettingSwitchCell.xib */,
				A4F009AD1BA5D10300E354E8 /* SettingOnlyTextCell.swift */,
				A4F009AE1BA5D10300E354E8 /* SettingOnlyTextCell.xib */,
			);
			path = Cell;
			sourceTree = "<group>";
		};
		A4F009B21BA5D19E00E354E8 /* Notification View Controller */ = {
			isa = PBXGroup;
			children = (
				A4F009B71BA5D1E400E354E8 /* Cell */,
				A4F009B31BA5D1AC00E354E8 /* NotificationViewController.swift */,
				A4F009B41BA5D1AC00E354E8 /* NotificationViewController.xib */,
			);
			path = "Notification View Controller";
			sourceTree = "<group>";
		};
		A4F009B71BA5D1E400E354E8 /* Cell */ = {
			isa = PBXGroup;
			children = (
				A4F009B81BA5D1F700E354E8 /* NotificationCell.swift */,
				A4F009B91BA5D1F700E354E8 /* NotificationCell.xib */,
			);
			path = Cell;
			sourceTree = "<group>";
		};
		A4F009BC1BA5DB5C00E354E8 /* Menu View Controller */ = {
			isa = PBXGroup;
			children = (
				A4F009C11BA5DCD200E354E8 /* Cell */,
				A4F009BD1BA5DB6C00E354E8 /* MenuViewController.swift */,
				A4F009BE1BA5DB6C00E354E8 /* MenuViewController.xib */,
			);
			path = "Menu View Controller";
			sourceTree = "<group>";
		};
		A4F009C11BA5DCD200E354E8 /* Cell */ = {
			isa = PBXGroup;
			children = (
				A4F009C21BA5DCE100E354E8 /* MenuCell.swift */,
				A4F009C31BA5DCE100E354E8 /* MenuCell.xib */,
				A4F009C61BA5DF8600E354E8 /* TopMenuCell.swift */,
				A4F009C71BA5DF8600E354E8 /* TopMenuCell.xib */,
			);
			path = Cell;
			sourceTree = "<group>";
		};
		A4F009CA1BA5E15700E354E8 /* Profile View Controller */ = {
			isa = PBXGroup;
			children = (
				A4EA201F1BB3EA3800B49CB4 /* Cell & Header */,
				A4F009CB1BA5E16700E354E8 /* Edit Profile View Controller */,
				A4EA201B1BB3E7E200B49CB4 /* ProfileViewController.swift */,
				A4EA201C1BB3E7E200B49CB4 /* ProfileViewController.xib */,
			);
			path = "Profile View Controller";
			sourceTree = "<group>";
		};
		A4F009CB1BA5E16700E354E8 /* Edit Profile View Controller */ = {
			isa = PBXGroup;
			children = (
				A4F009CC1BA5E17700E354E8 /* EditProfileViewController.swift */,
				A4F009CD1BA5E17700E354E8 /* EditProfileViewController.xib */,
			);
			path = "Edit Profile View Controller";
			sourceTree = "<group>";
		};
		A4FC2BFF1B91FADD000AFD50 = {
			isa = PBXGroup;
			children = (
				A4FC2C0A1B91FADD000AFD50 /* FashionSocial */,
				A4FC2C201B91FADD000AFD50 /* FashionSocialTests */,
				A4FC2C091B91FADD000AFD50 /* Products */,
				6EEF5C40E0DDE00B3D207093 /* Pods */,
				33A094663288E16C75520201 /* Frameworks */,
			);
			sourceTree = "<group>";
		};
		A4FC2C091B91FADD000AFD50 /* Products */ = {
			isa = PBXGroup;
			children = (
				A4FC2C081B91FADD000AFD50 /* FashionSocial.app */,
				A4FC2C1D1B91FADD000AFD50 /* FashionSocialTests.xctest */,
			);
			name = Products;
			sourceTree = "<group>";
		};
		A4FC2C0A1B91FADD000AFD50 /* FashionSocial */ = {
			isa = PBXGroup;
			children = (
				A4A771F21BB47793005DA798 /* Models */,
				A4F009911BA5C78C00E354E8 /* Utils */,
				A4F009721BA5C58200E354E8 /* Extensions */,
				A4FC2C381B9200F5000AFD50 /* Customizes */,
				A4FC2C2F1B91FE91000AFD50 /* View Controllers */,
				A4FC2C0D1B91FADD000AFD50 /* AppDelegate.swift */,
				A4FC2C0F1B91FADD000AFD50 /* ViewController.swift */,
				A4FC2C111B91FADD000AFD50 /* Main.storyboard */,
				A4FC2C141B91FADD000AFD50 /* Images.xcassets */,
				A4FC2C161B91FADD000AFD50 /* LaunchScreen.xib */,
				A4FC2C0B1B91FADD000AFD50 /* Supporting Files */,
			);
			path = FashionSocial;
			sourceTree = "<group>";
		};
		A4FC2C0B1B91FADD000AFD50 /* Supporting Files */ = {
			isa = PBXGroup;
			children = (
				A4FC2C0C1B91FADD000AFD50 /* Info.plist */,
				A4F009D01BA5E47C00E354E8 /* FashionSocial-Bridging-Header.h */,
			);
			name = "Supporting Files";
			sourceTree = "<group>";
		};
		A4FC2C201B91FADD000AFD50 /* FashionSocialTests */ = {
			isa = PBXGroup;
			children = (
				A4FC2C231B91FADD000AFD50 /* FashionSocialTests.swift */,
				A4FC2C211B91FADD000AFD50 /* Supporting Files */,
			);
			path = FashionSocialTests;
			sourceTree = "<group>";
		};
		A4FC2C211B91FADD000AFD50 /* Supporting Files */ = {
			isa = PBXGroup;
			children = (
				A4FC2C221B91FADD000AFD50 /* Info.plist */,
			);
			name = "Supporting Files";
			sourceTree = "<group>";
		};
		A4FC2C2F1B91FE91000AFD50 /* View Controllers */ = {
			isa = PBXGroup;
			children = (
				A4EA896B1BBCD2D900E8E8F9 /* Comment View Controller */,
				A4EA20381BB40E0E00B49CB4 /* Book Mark View Controller */,
				A4EA202E1BB402AC00B49CB4 /* News Feed View Controller */,
				A4EA20241BB3FE3600B49CB4 /* Image Gallery View Controller */,
				A4F009CA1BA5E15700E354E8 /* Profile View Controller */,
				A4F009BC1BA5DB5C00E354E8 /* Menu View Controller */,
				A4F009B21BA5D19E00E354E8 /* Notification View Controller */,
				A4F009A31BA5CF7C00E354E8 /* Setting View Controller */,
				A4FC2C351B91FFAC000AFD50 /* Base View Controller */,
				A4FC2C301B91FE9E000AFD50 /* Login & Register */,
			);
			path = "View Controllers";
			sourceTree = "<group>";
		};
		A4FC2C301B91FE9E000AFD50 /* Login & Register */ = {
			isa = PBXGroup;
			children = (
				A4F0099E1BA5CC1C00E354E8 /* Cell */,
				A4FC2C311B91FEAC000AFD50 /* LoginViewController.swift */,
				A4FC2C321B91FEAC000AFD50 /* LoginViewController.xib */,
				A4F009961BA5C84600E354E8 /* WelcomeViewController.swift */,
				A4F009971BA5C84600E354E8 /* WelcomeViewController.xib */,
				A4F0099A1BA5C8B000E354E8 /* CategoryViewController.swift */,
				A4F0099B1BA5C8B000E354E8 /* CategoryViewController.xib */,
			);
			path = "Login & Register";
			sourceTree = "<group>";
		};
		A4FC2C351B91FFAC000AFD50 /* Base View Controller */ = {
			isa = PBXGroup;
			children = (
				A4FC2C361B91FFB6000AFD50 /* BaseViewController.swift */,
			);
			path = "Base View Controller";
			sourceTree = "<group>";
		};
		A4FC2C381B9200F5000AFD50 /* Customizes */ = {
			isa = PBXGroup;
			children = (
				A4FC2C391B9200FE000AFD50 /* Font */,
			);
			path = Customizes;
			sourceTree = "<group>";
		};
		A4FC2C391B9200FE000AFD50 /* Font */ = {
			isa = PBXGroup;
			children = (
				A4F009851BA5C5CB00E354E8 /* Roboto-Black.ttf */,
				A4F009861BA5C5CB00E354E8 /* Roboto-Bold.ttf */,
				A4F009871BA5C5CB00E354E8 /* Roboto-Light.ttf */,
				A4F009881BA5C5CB00E354E8 /* Roboto-Medium.ttf */,
				A4F009891BA5C5CB00E354E8 /* Roboto-Regular.ttf */,
				A4F0098A1BA5C5CB00E354E8 /* Roboto-Thin.ttf */,
				A4FC2C3A1B92010B000AFD50 /* OpenSans-Bold.ttf */,
				A4FC2C3B1B92010B000AFD50 /* OpenSans-BoldItalic.ttf */,
				A4FC2C3C1B92010B000AFD50 /* OpenSans-ExtraBold.ttf */,
				A4FC2C3D1B92010B000AFD50 /* OpenSans-ExtraBoldItalic.ttf */,
				A4FC2C3E1B92010B000AFD50 /* OpenSans-Italic.ttf */,
				A4FC2C3F1B92010B000AFD50 /* OpenSans-Light.ttf */,
				A4FC2C401B92010B000AFD50 /* OpenSans-LightItalic.ttf */,
				A4FC2C411B92010B000AFD50 /* OpenSans-Regular.ttf */,
				A4FC2C421B92010B000AFD50 /* OpenSans-Semibold.ttf */,
				A4FC2C431B92010B000AFD50 /* OpenSans-SemiboldItalic.ttf */,
			);
			path = Font;
			sourceTree = "<group>";
		};
/* End PBXGroup section */

/* Begin PBXNativeTarget section */
		A4FC2C071B91FADD000AFD50 /* FashionSocial */ = {
			isa = PBXNativeTarget;
			buildConfigurationList = A4FC2C271B91FADD000AFD50 /* Build configuration list for PBXNativeTarget "FashionSocial" */;
			buildPhases = (
				BBA17AF61367585B2182121B /* Check Pods Manifest.lock */,
				A4FC2C041B91FADD000AFD50 /* Sources */,
				A4FC2C051B91FADD000AFD50 /* Frameworks */,
				A4FC2C061B91FADD000AFD50 /* Resources */,
				5CD2C4E1653AC8E08B978156 /* Copy Pods Resources */,
			);
			buildRules = (
			);
			dependencies = (
			);
			name = FashionSocial;
			productName = FashionSocial;
			productReference = A4FC2C081B91FADD000AFD50 /* FashionSocial.app */;
			productType = "com.apple.product-type.application";
		};
		A4FC2C1C1B91FADD000AFD50 /* FashionSocialTests */ = {
			isa = PBXNativeTarget;
			buildConfigurationList = A4FC2C2A1B91FADD000AFD50 /* Build configuration list for PBXNativeTarget "FashionSocialTests" */;
			buildPhases = (
				A4FC2C191B91FADD000AFD50 /* Sources */,
				A4FC2C1A1B91FADD000AFD50 /* Frameworks */,
				A4FC2C1B1B91FADD000AFD50 /* Resources */,
			);
			buildRules = (
			);
			dependencies = (
				A4FC2C1F1B91FADD000AFD50 /* PBXTargetDependency */,
			);
			name = FashionSocialTests;
			productName = FashionSocialTests;
			productReference = A4FC2C1D1B91FADD000AFD50 /* FashionSocialTests.xctest */;
			productType = "com.apple.product-type.bundle.unit-test";
		};
/* End PBXNativeTarget section */

/* Begin PBXProject section */
		A4FC2C001B91FADD000AFD50 /* Project object */ = {
			isa = PBXProject;
			attributes = {
				LastSwiftMigration = 0700;
				LastSwiftUpdateCheck = 0700;
				LastUpgradeCheck = 0700;
				ORGANIZATIONNAME = SkyDance;
				TargetAttributes = {
					A4FC2C071B91FADD000AFD50 = {
						CreatedOnToolsVersion = 6.4;
						DevelopmentTeam = 3SD7U8523L;
					};
					A4FC2C1C1B91FADD000AFD50 = {
						CreatedOnToolsVersion = 6.4;
						TestTargetID = A4FC2C071B91FADD000AFD50;
					};
				};
			};
			buildConfigurationList = A4FC2C031B91FADD000AFD50 /* Build configuration list for PBXProject "FashionSocial" */;
			compatibilityVersion = "Xcode 3.2";
			developmentRegion = English;
			hasScannedForEncodings = 0;
			knownRegions = (
				en,
				Base,
			);
			mainGroup = A4FC2BFF1B91FADD000AFD50;
			productRefGroup = A4FC2C091B91FADD000AFD50 /* Products */;
			projectDirPath = "";
			projectRoot = "";
			targets = (
				A4FC2C071B91FADD000AFD50 /* FashionSocial */,
				A4FC2C1C1B91FADD000AFD50 /* FashionSocialTests */,
			);
		};
/* End PBXProject section */

/* Begin PBXResourcesBuildPhase section */
		A4FC2C061B91FADD000AFD50 /* Resources */ = {
			isa = PBXResourcesBuildPhase;
			buildActionMask = 2147483647;
			files = (
				A4FC2C481B92010B000AFD50 /* OpenSans-Italic.ttf in Resources */,
				A4FC2C451B92010B000AFD50 /* OpenSans-BoldItalic.ttf in Resources */,
				A4F0098B1BA5C5CB00E354E8 /* Roboto-Black.ttf in Resources */,
				A4FC2C341B91FEAC000AFD50 /* LoginViewController.xib in Resources */,
				A4F009CF1BA5E17700E354E8 /* EditProfileViewController.xib in Resources */,
				A4F009BB1BA5D1F700E354E8 /* NotificationCell.xib in Resources */,
				A4EA20321BB402BD00B49CB4 /* NewsFeedViewController.xib in Resources */,
				A4FC2C4C1B92010B000AFD50 /* OpenSans-Semibold.ttf in Resources */,
				A4FC2C461B92010B000AFD50 /* OpenSans-ExtraBold.ttf in Resources */,
				A4EA202D1BB400C200B49CB4 /* ImageGalleryCell.xib in Resources */,
				A4FC2C131B91FADD000AFD50 /* Main.storyboard in Resources */,
				A4EA89781BBCD3C600E8E8F9 /* CommentCell.xib in Resources */,
				A4F009AC1BA5D02500E354E8 /* SettingSwitchCell.xib in Resources */,
				A4F009A71BA5CF8B00E354E8 /* SettingViewController.xib in Resources */,
				A4FC2C4A1B92010B000AFD50 /* OpenSans-LightItalic.ttf in Resources */,
				A4F009C91BA5DF8600E354E8 /* TopMenuCell.xib in Resources */,
				A4F009991BA5C84600E354E8 /* WelcomeViewController.xib in Resources */,
				A4F009C51BA5DCE100E354E8 /* MenuCell.xib in Resources */,
				A4EA203C1BB40E1A00B49CB4 /* BookMarkViewController.xib in Resources */,
				A4F009901BA5C5CB00E354E8 /* Roboto-Thin.ttf in Resources */,
				A4EA20281BB3FE4700B49CB4 /* ImageGalleryViewController.xib in Resources */,
				A4F0098E1BA5C5CB00E354E8 /* Roboto-Medium.ttf in Resources */,
				A4FC2C181B91FADD000AFD50 /* LaunchScreen.xib in Resources */,
				A4EA20371BB407D900B49CB4 /* NewPostViewController.xib in Resources */,
				A4FC2C441B92010B000AFD50 /* OpenSans-Bold.ttf in Resources */,
				A4F009B61BA5D1AC00E354E8 /* NotificationViewController.xib in Resources */,
				A4FC2C151B91FADD000AFD50 /* Images.xcassets in Resources */,
				A4EA20411BB419C600B49CB4 /* NewsFeedCell.xib in Resources */,
				A4FC2C4D1B92010B000AFD50 /* OpenSans-SemiboldItalic.ttf in Resources */,
				A4F009C01BA5DB6C00E354E8 /* MenuViewController.xib in Resources */,
				A4F0098D1BA5C5CB00E354E8 /* Roboto-Light.ttf in Resources */,
				A4FC2C491B92010B000AFD50 /* OpenSans-Light.ttf in Resources */,
				A4F0098F1BA5C5CB00E354E8 /* Roboto-Regular.ttf in Resources */,
				A4F0099D1BA5C8B000E354E8 /* CategoryViewController.xib in Resources */,
				A4EA201E1BB3E7E200B49CB4 /* ProfileViewController.xib in Resources */,
				A4F009A21BA5CC2C00E354E8 /* FavoriteCell.xib in Resources */,
				A4EA20231BB3F43000B49CB4 /* ProfileCell.xib in Resources */,
				A4FC2C4B1B92010B000AFD50 /* OpenSans-Regular.ttf in Resources */,
				A4F009B01BA5D10300E354E8 /* SettingOnlyTextCell.xib in Resources */,
				A4EA896F1BBCD31700E8E8F9 /* CommentViewController.xib in Resources */,
				A4EA89741BBCD3AA00E8E8F9 /* CommentHeaderView.xib in Resources */,
				A4F0098C1BA5C5CB00E354E8 /* Roboto-Bold.ttf in Resources */,
				A4FC2C471B92010B000AFD50 /* OpenSans-ExtraBoldItalic.ttf in Resources */,
			);
			runOnlyForDeploymentPostprocessing = 0;
		};
		A4FC2C1B1B91FADD000AFD50 /* Resources */ = {
			isa = PBXResourcesBuildPhase;
			buildActionMask = 2147483647;
			files = (
			);
			runOnlyForDeploymentPostprocessing = 0;
		};
/* End PBXResourcesBuildPhase section */

/* Begin PBXShellScriptBuildPhase section */
		5CD2C4E1653AC8E08B978156 /* Copy Pods Resources */ = {
			isa = PBXShellScriptBuildPhase;
			buildActionMask = 2147483647;
			files = (
			);
			inputPaths = (
			);
			name = "Copy Pods Resources";
			outputPaths = (
			);
			runOnlyForDeploymentPostprocessing = 0;
			shellPath = /bin/sh;
			shellScript = "\"${SRCROOT}/Pods/Target Support Files/Pods/Pods-resources.sh\"\n";
			showEnvVarsInLog = 0;
		};
		BBA17AF61367585B2182121B /* Check Pods Manifest.lock */ = {
			isa = PBXShellScriptBuildPhase;
			buildActionMask = 2147483647;
			files = (
			);
			inputPaths = (
			);
			name = "Check Pods Manifest.lock";
			outputPaths = (
			);
			runOnlyForDeploymentPostprocessing = 0;
			shellPath = /bin/sh;
			shellScript = "diff \"${PODS_ROOT}/../Podfile.lock\" \"${PODS_ROOT}/Manifest.lock\" > /dev/null\nif [[ $? != 0 ]] ; then\n    cat << EOM\nerror: The sandbox is not in sync with the Podfile.lock. Run 'pod install' or update your CocoaPods installation.\nEOM\n    exit 1\nfi\n";
			showEnvVarsInLog = 0;
		};
/* End PBXShellScriptBuildPhase section */

/* Begin PBXSourcesBuildPhase section */
		A4FC2C041B91FADD000AFD50 /* Sources */ = {
			isa = PBXSourcesBuildPhase;
			buildActionMask = 2147483647;
			files = (
				A4F0097D1BA5C58200E354E8 /* NSDateExtension.swift in Sources */,
				A4F009981BA5C84600E354E8 /* WelcomeViewController.swift in Sources */,
				A4EA20271BB3FE4700B49CB4 /* ImageGalleryViewController.swift in Sources */,
				A4F009BA1BA5D1F700E354E8 /* NotificationCell.swift in Sources */,
				A4EA896E1BBCD31700E8E8F9 /* CommentViewController.swift in Sources */,
				A4EA89721BBCD3A000E8E8F9 /* CommentHeaderView.swift in Sources */,
				A4F009AB1BA5D02500E354E8 /* SettingSwitchCell.swift in Sources */,
				A4F0099C1BA5C8B000E354E8 /* CategoryViewController.swift in Sources */,
				A4F0097F1BA5C58200E354E8 /* UIButtonExtension.swift in Sources */,
				A4EA20311BB402BD00B49CB4 /* NewsFeedViewController.swift in Sources */,
				A4F0097E1BA5C58200E354E8 /* StringExtension.swift in Sources */,
				A4F009BF1BA5DB6C00E354E8 /* MenuViewController.swift in Sources */,
				A4F009951BA5C79700E354E8 /* Utilities.swift in Sources */,
				A4EA20361BB407D900B49CB4 /* NewPostViewController.swift in Sources */,
				A4F009831BA5C58200E354E8 /* UITextViewExtension.swift in Sources */,
				A4F009811BA5C58200E354E8 /* UIImageExtension.swift in Sources */,
				A4F0097C1BA5C58200E354E8 /* ArrayExtension.swift in Sources */,
				A4F009821BA5C58200E354E8 /* UITextFieldExtension.swift in Sources */,
				A4FC2C331B91FEAC000AFD50 /* LoginViewController.swift in Sources */,
				A4F009B51BA5D1AC00E354E8 /* NotificationViewController.swift in Sources */,
				A4F009801BA5C58200E354E8 /* UIColorExtension.swift in Sources */,
				A4EA202C1BB400C200B49CB4 /* ImageGalleryCell.swift in Sources */,
				A4F009C81BA5DF8600E354E8 /* TopMenuCell.swift in Sources */,
				A4F009941BA5C79700E354E8 /* AppConstant.swift in Sources */,
				A4F23E6E1BE20C4800CFE0F6 /* PostAPI.swift in Sources */,
				A4EA201D1BB3E7E200B49CB4 /* ProfileViewController.swift in Sources */,
				A4F009AF1BA5D10300E354E8 /* SettingOnlyTextCell.swift in Sources */,
				A4F23E6C1BE20C3100CFE0F6 /* PostObject.swift in Sources */,
				A4EA89771BBCD3C600E8E8F9 /* CommentCell.swift in Sources */,
				A4F009841BA5C58200E354E8 /* UIViewExtension.swift in Sources */,
				A4EA20401BB419C600B49CB4 /* NewsFeedCell.swift in Sources */,
				A4FC2C371B91FFB6000AFD50 /* BaseViewController.swift in Sources */,
				A4F009A11BA5CC2C00E354E8 /* FavoriteCell.swift in Sources */,
				A49DE17C1BD9CB6B008FC26D /* ModelManager.swift in Sources */,
				A4F009C41BA5DCE100E354E8 /* MenuCell.swift in Sources */,
				A4A771F71BB477C1005DA798 /* UserObject.swift in Sources */,
				A49DE17A1BD9CB5A008FC26D /* UserAPI.swift in Sources */,
				A4F009A61BA5CF8B00E354E8 /* SettingViewController.swift in Sources */,
				A4FC2C101B91FADD000AFD50 /* ViewController.swift in Sources */,
				A4EA203B1BB40E1A00B49CB4 /* BookMarkViewController.swift in Sources */,
				A4FC2C0E1B91FADD000AFD50 /* AppDelegate.swift in Sources */,
				A4EA20221BB3F43000B49CB4 /* ProfileCell.swift in Sources */,
				A4F009CE1BA5E17700E354E8 /* EditProfileViewController.swift in Sources */,
			);
			runOnlyForDeploymentPostprocessing = 0;
		};
		A4FC2C191B91FADD000AFD50 /* Sources */ = {
			isa = PBXSourcesBuildPhase;
			buildActionMask = 2147483647;
			files = (
				A4FC2C241B91FADD000AFD50 /* FashionSocialTests.swift in Sources */,
			);
			runOnlyForDeploymentPostprocessing = 0;
		};
/* End PBXSourcesBuildPhase section */

/* Begin PBXTargetDependency section */
		A4FC2C1F1B91FADD000AFD50 /* PBXTargetDependency */ = {
			isa = PBXTargetDependency;
			target = A4FC2C071B91FADD000AFD50 /* FashionSocial */;
			targetProxy = A4FC2C1E1B91FADD000AFD50 /* PBXContainerItemProxy */;
		};
/* End PBXTargetDependency section */

/* Begin PBXVariantGroup section */
		A4FC2C111B91FADD000AFD50 /* Main.storyboard */ = {
			isa = PBXVariantGroup;
			children = (
				A4FC2C121B91FADD000AFD50 /* Base */,
			);
			name = Main.storyboard;
			sourceTree = "<group>";
		};
		A4FC2C161B91FADD000AFD50 /* LaunchScreen.xib */ = {
			isa = PBXVariantGroup;
			children = (
				A4FC2C171B91FADD000AFD50 /* Base */,
			);
			name = LaunchScreen.xib;
			sourceTree = "<group>";
		};
/* End PBXVariantGroup section */

/* Begin XCBuildConfiguration section */
		A4FC2C251B91FADD000AFD50 /* Debug */ = {
			isa = XCBuildConfiguration;
			buildSettings = {
				ALWAYS_SEARCH_USER_PATHS = NO;
				CLANG_CXX_LANGUAGE_STANDARD = "gnu++0x";
				CLANG_CXX_LIBRARY = "libc++";
				CLANG_ENABLE_MODULES = YES;
				CLANG_ENABLE_OBJC_ARC = YES;
				CLANG_WARN_BOOL_CONVERSION = YES;
				CLANG_WARN_CONSTANT_CONVERSION = YES;
				CLANG_WARN_DIRECT_OBJC_ISA_USAGE = YES_ERROR;
				CLANG_WARN_EMPTY_BODY = YES;
				CLANG_WARN_ENUM_CONVERSION = YES;
				CLANG_WARN_INT_CONVERSION = YES;
				CLANG_WARN_OBJC_ROOT_CLASS = YES_ERROR;
				CLANG_WARN_UNREACHABLE_CODE = YES;
				CLANG_WARN__DUPLICATE_METHOD_MATCH = YES;
				"CODE_SIGN_IDENTITY[sdk=iphoneos*]" = "iPhone Developer";
				COPY_PHASE_STRIP = NO;
				DEBUG_INFORMATION_FORMAT = "dwarf-with-dsym";
				ENABLE_STRICT_OBJC_MSGSEND = YES;
				ENABLE_TESTABILITY = YES;
				GCC_C_LANGUAGE_STANDARD = gnu99;
				GCC_DYNAMIC_NO_PIC = NO;
				GCC_NO_COMMON_BLOCKS = YES;
				GCC_OPTIMIZATION_LEVEL = 0;
				GCC_PREPROCESSOR_DEFINITIONS = (
					"DEBUG=1",
					"$(inherited)",
				);
				GCC_SYMBOLS_PRIVATE_EXTERN = NO;
				GCC_WARN_64_TO_32_BIT_CONVERSION = YES;
				GCC_WARN_ABOUT_RETURN_TYPE = YES_ERROR;
				GCC_WARN_UNDECLARED_SELECTOR = YES;
				GCC_WARN_UNINITIALIZED_AUTOS = YES_AGGRESSIVE;
				GCC_WARN_UNUSED_FUNCTION = YES;
				GCC_WARN_UNUSED_VARIABLE = YES;
				IPHONEOS_DEPLOYMENT_TARGET = 8.4;
				MTL_ENABLE_DEBUG_INFO = YES;
				ONLY_ACTIVE_ARCH = YES;
				SDKROOT = iphoneos;
				SWIFT_OPTIMIZATION_LEVEL = "-Onone";
			};
			name = Debug;
		};
		A4FC2C261B91FADD000AFD50 /* Release */ = {
			isa = XCBuildConfiguration;
			buildSettings = {
				ALWAYS_SEARCH_USER_PATHS = NO;
				CLANG_CXX_LANGUAGE_STANDARD = "gnu++0x";
				CLANG_CXX_LIBRARY = "libc++";
				CLANG_ENABLE_MODULES = YES;
				CLANG_ENABLE_OBJC_ARC = YES;
				CLANG_WARN_BOOL_CONVERSION = YES;
				CLANG_WARN_CONSTANT_CONVERSION = YES;
				CLANG_WARN_DIRECT_OBJC_ISA_USAGE = YES_ERROR;
				CLANG_WARN_EMPTY_BODY = YES;
				CLANG_WARN_ENUM_CONVERSION = YES;
				CLANG_WARN_INT_CONVERSION = YES;
				CLANG_WARN_OBJC_ROOT_CLASS = YES_ERROR;
				CLANG_WARN_UNREACHABLE_CODE = YES;
				CLANG_WARN__DUPLICATE_METHOD_MATCH = YES;
				"CODE_SIGN_IDENTITY[sdk=iphoneos*]" = "iPhone Developer";
				COPY_PHASE_STRIP = NO;
				DEBUG_INFORMATION_FORMAT = "dwarf-with-dsym";
				ENABLE_NS_ASSERTIONS = NO;
				ENABLE_STRICT_OBJC_MSGSEND = YES;
				GCC_C_LANGUAGE_STANDARD = gnu99;
				GCC_NO_COMMON_BLOCKS = YES;
				GCC_WARN_64_TO_32_BIT_CONVERSION = YES;
				GCC_WARN_ABOUT_RETURN_TYPE = YES_ERROR;
				GCC_WARN_UNDECLARED_SELECTOR = YES;
				GCC_WARN_UNINITIALIZED_AUTOS = YES_AGGRESSIVE;
				GCC_WARN_UNUSED_FUNCTION = YES;
				GCC_WARN_UNUSED_VARIABLE = YES;
				IPHONEOS_DEPLOYMENT_TARGET = 8.4;
				MTL_ENABLE_DEBUG_INFO = NO;
				SDKROOT = iphoneos;
				VALIDATE_PRODUCT = YES;
			};
			name = Release;
		};
		A4FC2C281B91FADD000AFD50 /* Debug */ = {
			isa = XCBuildConfiguration;
			baseConfigurationReference = 22998F17A84CD4856F3D9FAC /* Pods.debug.xcconfig */;
			buildSettings = {
				ASSETCATALOG_COMPILER_APPICON_NAME = AppIcon;
				CLANG_ENABLE_MODULES = YES;
				CODE_SIGN_IDENTITY = "iPhone Developer";
				INFOPLIST_FILE = FashionSocial/Info.plist;
				IPHONEOS_DEPLOYMENT_TARGET = 7.0;
				LD_RUNPATH_SEARCH_PATHS = "$(inherited) @executable_path/Frameworks";
				PRODUCT_BUNDLE_IDENTIFIER = "com.skydance.$(PRODUCT_NAME:rfc1034identifier)";
				PRODUCT_NAME = "$(TARGET_NAME)";
				SWIFT_OBJC_BRIDGING_HEADER = "FashionSocial/FashionSocial-Bridging-Header.h";
				SWIFT_OPTIMIZATION_LEVEL = "-Onone";
			};
			name = Debug;
		};
		A4FC2C291B91FADD000AFD50 /* Release */ = {
			isa = XCBuildConfiguration;
			baseConfigurationReference = B7898B351739E0B444544E69 /* Pods.release.xcconfig */;
			buildSettings = {
				ASSETCATALOG_COMPILER_APPICON_NAME = AppIcon;
				CLANG_ENABLE_MODULES = YES;
				CODE_SIGN_IDENTITY = "iPhone Developer";
				INFOPLIST_FILE = FashionSocial/Info.plist;
				IPHONEOS_DEPLOYMENT_TARGET = 7.0;
				LD_RUNPATH_SEARCH_PATHS = "$(inherited) @executable_path/Frameworks";
				PRODUCT_BUNDLE_IDENTIFIER = "com.skydance.$(PRODUCT_NAME:rfc1034identifier)";
				PRODUCT_NAME = "$(TARGET_NAME)";
				SWIFT_OBJC_BRIDGING_HEADER = "FashionSocial/FashionSocial-Bridging-Header.h";
			};
			name = Release;
		};
		A4FC2C2B1B91FADD000AFD50 /* Debug */ = {
			isa = XCBuildConfiguration;
			buildSettings = {
				BUNDLE_LOADER = "$(TEST_HOST)";
				FRAMEWORK_SEARCH_PATHS = (
					"$(SDKROOT)/Developer/Library/Frameworks",
					"$(inherited)",
				);
				GCC_PREPROCESSOR_DEFINITIONS = (
					"DEBUG=1",
					"$(inherited)",
				);
				INFOPLIST_FILE = FashionSocialTests/Info.plist;
				LD_RUNPATH_SEARCH_PATHS = "$(inherited) @executable_path/Frameworks @loader_path/Frameworks";
				PRODUCT_BUNDLE_IDENTIFIER = "com.skydance.$(PRODUCT_NAME:rfc1034identifier)";
				PRODUCT_NAME = "$(TARGET_NAME)";
				TEST_HOST = "$(BUILT_PRODUCTS_DIR)/FashionSocial.app/FashionSocial";
			};
			name = Debug;
		};
		A4FC2C2C1B91FADD000AFD50 /* Release */ = {
			isa = XCBuildConfiguration;
			buildSettings = {
				BUNDLE_LOADER = "$(TEST_HOST)";
				FRAMEWORK_SEARCH_PATHS = (
					"$(SDKROOT)/Developer/Library/Frameworks",
					"$(inherited)",
				);
				INFOPLIST_FILE = FashionSocialTests/Info.plist;
				LD_RUNPATH_SEARCH_PATHS = "$(inherited) @executable_path/Frameworks @loader_path/Frameworks";
				PRODUCT_BUNDLE_IDENTIFIER = "com.skydance.$(PRODUCT_NAME:rfc1034identifier)";
				PRODUCT_NAME = "$(TARGET_NAME)";
				TEST_HOST = "$(BUILT_PRODUCTS_DIR)/FashionSocial.app/FashionSocial";
			};
			name = Release;
		};
/* End XCBuildConfiguration section */

/* Begin XCConfigurationList section */
		A4FC2C031B91FADD000AFD50 /* Build configuration list for PBXProject "FashionSocial" */ = {
			isa = XCConfigurationList;
			buildConfigurations = (
				A4FC2C251B91FADD000AFD50 /* Debug */,
				A4FC2C261B91FADD000AFD50 /* Release */,
			);
			defaultConfigurationIsVisible = 0;
			defaultConfigurationName = Release;
		};
		A4FC2C271B91FADD000AFD50 /* Build configuration list for PBXNativeTarget "FashionSocial" */ = {
			isa = XCConfigurationList;
			buildConfigurations = (
				A4FC2C281B91FADD000AFD50 /* Debug */,
				A4FC2C291B91FADD000AFD50 /* Release */,
			);
			defaultConfigurationIsVisible = 0;
			defaultConfigurationName = Release;
		};
		A4FC2C2A1B91FADD000AFD50 /* Build configuration list for PBXNativeTarget "FashionSocialTests" */ = {
			isa = XCConfigurationList;
			buildConfigurations = (
				A4FC2C2B1B91FADD000AFD50 /* Debug */,
				A4FC2C2C1B91FADD000AFD50 /* Release */,
			);
			defaultConfigurationIsVisible = 0;
			defaultConfigurationName = Release;
		};
/* End XCConfigurationList section */
	};
	rootObject = A4FC2C001B91FADD000AFD50 /* Project object */;
}
